
Microsoft Visual Studio Solution File, Format Version 12.00
# Visual Studio 2012
Project("{FAE04EC0-301F-11D3-BF4B-00C04F79EFBC}") = "lembrete", "lembrete\lembrete.csproj", "{A242056F-5B7B-48CE-B189-F847ED65306C}"
EndProject
Project("{FAE04EC0-301F-11D3-BF4B-00C04F79EFBC}") = "lembrete.iOS", "iOS\lembrete.iOS.csproj", "{07245A1A-9423-4FC9-8F3C-4C183F73DAEE}"
EndProject
Project("{FAE04EC0-301F-11D3-BF4B-00C04F79EFBC}") = "lembrete.Droid", "Droid\lembrete.Droid.csproj", "{A89BBDC3-F936-4F58-81C3-04D4240835A2}"
EndProject
Global
	GlobalSection(SolutionConfigurationPlatforms) = preSolution
		Debug|Any CPU = Debug|Any CPU
		Release|Any CPU = Release|Any CPU
		Debug|iPhoneSimulator = Debug|iPhoneSimulator
		Release|iPhone = Release|iPhone
		Release|iPhoneSimulator = Release|iPhoneSimulator
		Debug|iPhone = Debug|iPhone
	EndGlobalSection
	GlobalSection(ProjectConfigurationPlatforms) = postSolution
		{A242056F-5B7B-48CE-B189-F847ED65306C}.Debug|Any CPU.ActiveCfg = Debug|Any CPU
		{A242056F-5B7B-48CE-B189-F847ED65306C}.Debug|Any CPU.Build.0 = Debug|Any CPU
		{A242056F-5B7B-48CE-B189-F847ED65306C}.Release|Any CPU.ActiveCfg = Release|Any CPU
		{A242056F-5B7B-48CE-B189-F847ED65306C}.Release|Any CPU.Build.0 = Release|Any CPU
		{A242056F-5B7B-48CE-B189-F847ED65306C}.Debug|iPhoneSimulator.ActiveCfg = Debug|Any CPU
		{A242056F-5B7B-48CE-B189-F847ED65306C}.Debug|iPhoneSimulator.Build.0 = Debug|Any CPU
		{A242056F-5B7B-48CE-B189-F847ED65306C}.Release|iPhone.ActiveCfg = Release|Any CPU
		{A242056F-5B7B-48CE-B189-F847ED65306C}.Release|iPhone.Build.0 = Release|Any CPU
		{A242056F-5B7B-48CE-B189-F847ED65306C}.Release|iPhoneSimulator.ActiveCfg = Release|Any CPU
		{A242056F-5B7B-48CE-B189-F847ED65306C}.Release|iPhoneSimulator.Build.0 = Release|Any CPU
		{A242056F-5B7B-48CE-B189-F847ED65306C}.Debug|iPhone.ActiveCfg = Debug|Any CPU
		{A242056F-5B7B-48CE-B189-F847ED65306C}.Debug|iPhone.Build.0 = Debug|Any CPU
		{07245A1A-9423-4FC9-8F3C-4C183F73DAEE}.Debug|Any CPU.ActiveCfg = Debug|iPhoneSimulator
		{07245A1A-9423-4FC9-8F3C-4C183F73DAEE}.Debug|Any CPU.Build.0 = Debug|iPhoneSimulator
		{07245A1A-9423-4FC9-8F3C-4C183F73DAEE}.Release|Any CPU.ActiveCfg = Release|iPhone
		{07245A1A-9423-4FC9-8F3C-4C183F73DAEE}.Release|Any CPU.Build.0 = Release|iPhone
		{07245A1A-9423-4FC9-8F3C-4C183F73DAEE}.Debug|iPhoneSimulator.ActiveCfg = Debug|iPhoneSimulator
		{07245A1A-9423-4FC9-8F3C-4C183F73DAEE}.Debug|iPhoneSimulator.Build.0 = Debug|iPhoneSimulator
		{07245A1A-9423-4FC9-8F3C-4C183F73DAEE}.Release|iPhone.ActiveCfg = Release|iPhone
		{07245A1A-9423-4FC9-8F3C-4C183F73DAEE}.Release|iPhone.Build.0 = Release|iPhone
		{07245A1A-9423-4FC9-8F3C-4C183F73DAEE}.Release|iPhoneSimulator.ActiveCfg = Release|iPhoneSimulator
		{07245A1A-9423-4FC9-8F3C-4C183F73DAEE}.Release|iPhoneSimulator.Build.0 = Release|iPhoneSimulator
		{07245A1A-9423-4FC9-8F3C-4C183F73DAEE}.Debug|iPhone.ActiveCfg = Debug|iPhone
		{07245A1A-9423-4FC9-8F3C-4C183F73DAEE}.Debug|iPhone.Build.0 = Debug|iPhone
		{A89BBDC3-F936-4F58-81C3-04D4240835A2}.Debug|Any CPU.ActiveCfg = Debug|Any CPU
		{A89BBDC3-F936-4F58-81C3-04D4240835A2}.Debug|Any CPU.Build.0 = Debug|Any CPU
		{A89BBDC3-F936-4F58-81C3-04D4240835A2}.Release|Any CPU.ActiveCfg = Release|Any CPU
		{A89BBDC3-F936-4F58-81C3-04D4240835A2}.Release|Any CPU.Build.0 = Release|Any CPU
		{A89BBDC3-F936-4F58-81C3-04D4240835A2}.Debug|iPhoneSimulator.ActiveCfg = Debug|Any CPU
		{A89BBDC3-F936-4F58-81C3-04D4240835A2}.Debug|iPhoneSimulator.Build.0 = Debug|Any CPU
		{A89BBDC3-F936-4F58-81C3-04D4240835A2}.Release|iPhone.ActiveCfg = Release|Any CPU
		{A89BBDC3-F936-4F58-81C3-04D4240835A2}.Release|iPhone.Build.0 = Release|Any CPU
		{A89BBDC3-F936-4F58-81C3-04D4240835A2}.Release|iPhoneSimulator.ActiveCfg = Release|Any CPU
		{A89BBDC3-F936-4F58-81C3-04D4240835A2}.Release|iPhoneSimulator.Build.0 = Release|Any CPU
		{A89BBDC3-F936-4F58-81C3-04D4240835A2}.Debug|iPhone.ActiveCfg = Debug|Any CPU
		{A89BBDC3-F936-4F58-81C3-04D4240835A2}.Debug|iPhone.Build.0 = Debug|Any CPU
	EndGlobalSection
EndGlobal
